
Microsoft Visual Studio Solution File, Format Version 12.00
# Visual Studio Version 17
VisualStudioVersion = 17.6.33815.320
MinimumVisualStudioVersion = 10.0.40219.1
Project("{FAE04EC0-301F-11D3-BF4B-00C04F79EFBC}") = "Wpf_ApiMétéo_QuentinVernaison", "Wpf_ApiMétéo_QuentinVernaison\Wpf_ApiMétéo_QuentinVernaison.csproj", "{B940E0CE-6181-4636-AD8A-B772F17C5E23}"
EndProject
Global
	GlobalSection(SolutionConfigurationPlatforms) = preSolution
		Debug|Any CPU = Debug|Any CPU
		Release|Any CPU = Release|Any CPU
	EndGlobalSection
	GlobalSection(ProjectConfigurationPlatforms) = postSolution
		{B940E0CE-6181-4636-AD8A-B772F17C5E23}.Debug|Any CPU.ActiveCfg = Debug|Any CPU
		{B940E0CE-6181-4636-AD8A-B772F17C5E23}.Debug|Any CPU.Build.0 = Debug|Any CPU
		{B940E0CE-6181-4636-AD8A-B772F17C5E23}.Release|Any CPU.ActiveCfg = Release|Any CPU
		{B940E0CE-6181-4636-AD8A-B772F17C5E23}.Release|Any CPU.Build.0 = Release|Any CPU
	EndGlobalSection
	GlobalSection(SolutionProperties) = preSolution
		HideSolutionNode = FALSE
	EndGlobalSection
	GlobalSection(ExtensibilityGlobals) = postSolution
		SolutionGuid = {BF7BF3EA-7951-44EF-9F1D-8848D2C6ADF3}
	EndGlobalSection
EndGlobal
